
Microsoft Visual Studio Solution File, Format Version 12.00
# Visual Studio 14
VisualStudioVersion = 14.0.25420.1
MinimumVisualStudioVersion = 10.0.40219.1
Project("{FAE04EC0-301F-11D3-BF4B-00C04F79EFBC}") = "Gaia.Seguridad", "Gaia.Seguridad\Gaia.Seguridad.csproj", "{FE434494-C8D8-40B3-B2D0-BFB298604490}"
	ProjectSection(ProjectDependencies) = postProject
		{07284545-554B-426F-BA39-F10E5016312F} = {07284545-554B-426F-BA39-F10E5016312F}
		{6AEF185E-E22C-4563-B344-88DD832C7B79} = {6AEF185E-E22C-4563-B344-88DD832C7B79}
	EndProjectSection
EndProject
Project("{FAE04EC0-301F-11D3-BF4B-00C04F79EFBC}") = "Gaia.DAL", "Gaia.DAL\Gaia.DAL.csproj", "{CD27EB21-4CB6-442E-8784-0C8BD6B28D77}"
EndProject
Project("{FAE04EC0-301F-11D3-BF4B-00C04F79EFBC}") = "Gaia.Helpers", "Gaia.Helpers\Gaia.Helpers.csproj", "{0076F19F-04E6-4231-83BA-68FB8F579A99}"
EndProject
Project("{FAE04EC0-301F-11D3-BF4B-00C04F79EFBC}") = "PJN.DAL", "..\PJN\PJN.DAL\PJN.DAL.csproj", "{FED1DF22-050C-46CF-96FF-7E8F2AA0990B}"
EndProject
Project("{2150E333-8FDC-42A3-9474-1A3956D46DE8}") = ".nuget", ".nuget", "{55A1A15A-B665-48FC-9138-45A65081956E}"
	ProjectSection(SolutionItems) = preProject
		.nuget\packages.config = .nuget\packages.config
	EndProjectSection
EndProject
Project("{FAE04EC0-301F-11D3-BF4B-00C04F79EFBC}") = "Gaia.BLL", "Gaia.BLL\Gaia.BLL.csproj", "{A8CE81DD-BD60-4028-8E91-49A488FE5693}"
EndProject
Project("{FAE04EC0-301F-11D3-BF4B-00C04F79EFBC}") = "Gaia_App", "Gaia_App\Gaia_App.csproj", "{E7D4FB4F-E147-4E58-B6AB-57EFC395BD87}"
EndProject
Project("{FAE04EC0-301F-11D3-BF4B-00C04F79EFBC}") = "GALENO.DAL", "GALENO.DAL\GALENO.DAL.csproj", "{6AEF185E-E22C-4563-B344-88DD832C7B79}"
EndProject
Project("{FAE04EC0-301F-11D3-BF4B-00C04F79EFBC}") = "SAP.DAL", "SAP.DAL\SAP.DAL.csproj", "{07284545-554B-426F-BA39-F10E5016312F}"
EndProject
Project("{FAE04EC0-301F-11D3-BF4B-00C04F79EFBC}") = "Gaia.Notificacion", "Gaia.Notificacion\Gaia.Notificacion.csproj", "{04E7F887-5C7D-4E82-BB3C-43234C7ECCEB}"
EndProject
Project("{FAE04EC0-301F-11D3-BF4B-00C04F79EFBC}") = "SIRUFJ.DAL", "SIRUFJ.DAL\SIRUFJ.DAL.csproj", "{C5E3D36A-A3AF-4DD5-80BC-822F6A06450E}"
EndProject
Project("{FAE04EC0-301F-11D3-BF4B-00C04F79EFBC}") = "Nicarao.DAL", "..\Nicarao.Dal\Nicarao.DAL\Nicarao.DAL.csproj", "{4ACCEC94-DD70-4A22-9C60-8CE6D3944386}"
EndProject
Global
	GlobalSection(SolutionConfigurationPlatforms) = preSolution
		Debug|Any CPU = Debug|Any CPU
		Release|Any CPU = Release|Any CPU
	EndGlobalSection
	GlobalSection(ProjectConfigurationPlatforms) = postSolution
		{FE434494-C8D8-40B3-B2D0-BFB298604490}.Debug|Any CPU.ActiveCfg = Debug|Any CPU
		{FE434494-C8D8-40B3-B2D0-BFB298604490}.Debug|Any CPU.Build.0 = Debug|Any CPU
		{FE434494-C8D8-40B3-B2D0-BFB298604490}.Release|Any CPU.ActiveCfg = Release|Any CPU
		{FE434494-C8D8-40B3-B2D0-BFB298604490}.Release|Any CPU.Build.0 = Release|Any CPU
		{CD27EB21-4CB6-442E-8784-0C8BD6B28D77}.Debug|Any CPU.ActiveCfg = Debug|Any CPU
		{CD27EB21-4CB6-442E-8784-0C8BD6B28D77}.Debug|Any CPU.Build.0 = Debug|Any CPU
		{CD27EB21-4CB6-442E-8784-0C8BD6B28D77}.Release|Any CPU.ActiveCfg = Release|Any CPU
		{CD27EB21-4CB6-442E-8784-0C8BD6B28D77}.Release|Any CPU.Build.0 = Release|Any CPU
		{0076F19F-04E6-4231-83BA-68FB8F579A99}.Debug|Any CPU.ActiveCfg = Debug|Any CPU
		{0076F19F-04E6-4231-83BA-68FB8F579A99}.Debug|Any CPU.Build.0 = Debug|Any CPU
		{0076F19F-04E6-4231-83BA-68FB8F579A99}.Release|Any CPU.ActiveCfg = Release|Any CPU
		{0076F19F-04E6-4231-83BA-68FB8F579A99}.Release|Any CPU.Build.0 = Release|Any CPU
		{FED1DF22-050C-46CF-96FF-7E8F2AA0990B}.Debug|Any CPU.ActiveCfg = Debug|Any CPU
		{FED1DF22-050C-46CF-96FF-7E8F2AA0990B}.Debug|Any CPU.Build.0 = Debug|Any CPU
		{FED1DF22-050C-46CF-96FF-7E8F2AA0990B}.Release|Any CPU.ActiveCfg = Release|Any CPU
		{FED1DF22-050C-46CF-96FF-7E8F2AA0990B}.Release|Any CPU.Build.0 = Release|Any CPU
		{A8CE81DD-BD60-4028-8E91-49A488FE5693}.Debug|Any CPU.ActiveCfg = Debug|Any CPU
		{A8CE81DD-BD60-4028-8E91-49A488FE5693}.Debug|Any CPU.Build.0 = Debug|Any CPU
		{A8CE81DD-BD60-4028-8E91-49A488FE5693}.Release|Any CPU.ActiveCfg = Release|Any CPU
		{A8CE81DD-BD60-4028-8E91-49A488FE5693}.Release|Any CPU.Build.0 = Release|Any CPU
		{E7D4FB4F-E147-4E58-B6AB-57EFC395BD87}.Debug|Any CPU.ActiveCfg = Debug|Any CPU
		{E7D4FB4F-E147-4E58-B6AB-57EFC395BD87}.Debug|Any CPU.Build.0 = Debug|Any CPU
		{E7D4FB4F-E147-4E58-B6AB-57EFC395BD87}.Release|Any CPU.ActiveCfg = Release|Any CPU
		{E7D4FB4F-E147-4E58-B6AB-57EFC395BD87}.Release|Any CPU.Build.0 = Release|Any CPU
		{6AEF185E-E22C-4563-B344-88DD832C7B79}.Debug|Any CPU.ActiveCfg = Debug|Any CPU
		{6AEF185E-E22C-4563-B344-88DD832C7B79}.Debug|Any CPU.Build.0 = Debug|Any CPU
		{6AEF185E-E22C-4563-B344-88DD832C7B79}.Release|Any CPU.ActiveCfg = Release|Any CPU
		{6AEF185E-E22C-4563-B344-88DD832C7B79}.Release|Any CPU.Build.0 = Release|Any CPU
		{07284545-554B-426F-BA39-F10E5016312F}.Debug|Any CPU.ActiveCfg = Debug|Any CPU
		{07284545-554B-426F-BA39-F10E5016312F}.Debug|Any CPU.Build.0 = Debug|Any CPU
		{07284545-554B-426F-BA39-F10E5016312F}.Release|Any CPU.ActiveCfg = Release|Any CPU
		{07284545-554B-426F-BA39-F10E5016312F}.Release|Any CPU.Build.0 = Release|Any CPU
		{04E7F887-5C7D-4E82-BB3C-43234C7ECCEB}.Debug|Any CPU.ActiveCfg = Debug|Any CPU
		{04E7F887-5C7D-4E82-BB3C-43234C7ECCEB}.Debug|Any CPU.Build.0 = Debug|Any CPU
		{04E7F887-5C7D-4E82-BB3C-43234C7ECCEB}.Release|Any CPU.ActiveCfg = Release|Any CPU
		{04E7F887-5C7D-4E82-BB3C-43234C7ECCEB}.Release|Any CPU.Build.0 = Release|Any CPU
		{C5E3D36A-A3AF-4DD5-80BC-822F6A06450E}.Debug|Any CPU.ActiveCfg = Debug|Any CPU
		{C5E3D36A-A3AF-4DD5-80BC-822F6A06450E}.Debug|Any CPU.Build.0 = Debug|Any CPU
		{C5E3D36A-A3AF-4DD5-80BC-822F6A06450E}.Release|Any CPU.ActiveCfg = Release|Any CPU
		{C5E3D36A-A3AF-4DD5-80BC-822F6A06450E}.Release|Any CPU.Build.0 = Release|Any CPU
		{4ACCEC94-DD70-4A22-9C60-8CE6D3944386}.Debug|Any CPU.ActiveCfg = Debug|Any CPU
		{4ACCEC94-DD70-4A22-9C60-8CE6D3944386}.Debug|Any CPU.Build.0 = Debug|Any CPU
		{4ACCEC94-DD70-4A22-9C60-8CE6D3944386}.Release|Any CPU.ActiveCfg = Release|Any CPU
		{4ACCEC94-DD70-4A22-9C60-8CE6D3944386}.Release|Any CPU.Build.0 = Release|Any CPU
	EndGlobalSection
	GlobalSection(SolutionProperties) = preSolution
		HideSolutionNode = FALSE
	EndGlobalSection
	GlobalSection(ExtensibilityGlobals) = postSolution
		SolutionGuid = {608DE8AF-89C0-4C55-B5E3-841B4E2D01BC}
	EndGlobalSection
EndGlobal
